// !$*UTF8*$!
{
	archiveVersion = 1;
	classes = {
	};
	objectVersion = 56;
	objects = {

/* Begin PBXBuildFile section */
		4E2C54722B1FE6E000BB0E1A /* ChatView.swift in Sources */ = {isa = PBXBuildFile; fileRef = 4E2C54712B1FE6E000BB0E1A /* ChatView.swift */; };
		4E2C54742B1FEEC400BB0E1A /* ChatMessageCell.swift in Sources */ = {isa = PBXBuildFile; fileRef = 4E2C54732B1FEEC400BB0E1A /* ChatMessageCell.swift */; };
		4E2C54762B1FF17A00BB0E1A /* ChatBubble.swift in Sources */ = {isa = PBXBuildFile; fileRef = 4E2C54752B1FF17A00BB0E1A /* ChatBubble.swift */; };
		4E2C547A2B1FF91200BB0E1A /* GoogleService-Info.plist in Resources */ = {isa = PBXBuildFile; fileRef = 4E2C54792B1FF91200BB0E1A /* GoogleService-Info.plist */; };
		4E2C547D2B1FFA0500BB0E1A /* FirebaseAnalytics in Frameworks */ = {isa = PBXBuildFile; productRef = 4E2C547C2B1FFA0500BB0E1A /* FirebaseAnalytics */; };
		4E2C547F2B1FFA0500BB0E1A /* FirebaseAnalyticsOnDeviceConversion in Frameworks */ = {isa = PBXBuildFile; productRef = 4E2C547E2B1FFA0500BB0E1A /* FirebaseAnalyticsOnDeviceConversion */; };
		4E2C54812B1FFA0500BB0E1A /* FirebaseAnalyticsSwift in Frameworks */ = {isa = PBXBuildFile; productRef = 4E2C54802B1FFA0500BB0E1A /* FirebaseAnalyticsSwift */; };
		4E2C54832B1FFA0500BB0E1A /* FirebaseAnalyticsWithoutAdIdSupport in Frameworks */ = {isa = PBXBuildFile; productRef = 4E2C54822B1FFA0500BB0E1A /* FirebaseAnalyticsWithoutAdIdSupport */; };
		4E2C54852B1FFA0500BB0E1A /* FirebaseAppCheck in Frameworks */ = {isa = PBXBuildFile; productRef = 4E2C54842B1FFA0500BB0E1A /* FirebaseAppCheck */; };
		4E2C54872B1FFA0500BB0E1A /* FirebaseAppDistribution-Beta in Frameworks */ = {isa = PBXBuildFile; productRef = 4E2C54862B1FFA0500BB0E1A /* FirebaseAppDistribution-Beta */; };
		4E2C54892B1FFA0500BB0E1A /* FirebaseAuth in Frameworks */ = {isa = PBXBuildFile; productRef = 4E2C54882B1FFA0500BB0E1A /* FirebaseAuth */; };
		4E2C548B2B1FFA0500BB0E1A /* FirebaseAuthCombine-Community in Frameworks */ = {isa = PBXBuildFile; productRef = 4E2C548A2B1FFA0500BB0E1A /* FirebaseAuthCombine-Community */; };
		4E2C548D2B1FFA0500BB0E1A /* FirebaseCrashlytics in Frameworks */ = {isa = PBXBuildFile; productRef = 4E2C548C2B1FFA0500BB0E1A /* FirebaseCrashlytics */; };
		4E2C548F2B1FFA0500BB0E1A /* FirebaseDatabase in Frameworks */ = {isa = PBXBuildFile; productRef = 4E2C548E2B1FFA0500BB0E1A /* FirebaseDatabase */; };
		4E2C54912B1FFA0500BB0E1A /* FirebaseDatabaseSwift in Frameworks */ = {isa = PBXBuildFile; productRef = 4E2C54902B1FFA0500BB0E1A /* FirebaseDatabaseSwift */; };
		4E2C54932B1FFA0500BB0E1A /* FirebaseDynamicLinks in Frameworks */ = {isa = PBXBuildFile; productRef = 4E2C54922B1FFA0500BB0E1A /* FirebaseDynamicLinks */; };
		4E2C54952B1FFA0500BB0E1A /* FirebaseFirestore in Frameworks */ = {isa = PBXBuildFile; productRef = 4E2C54942B1FFA0500BB0E1A /* FirebaseFirestore */; };
		4E2C54972B1FFA0500BB0E1A /* FirebaseFirestoreCombine-Community in Frameworks */ = {isa = PBXBuildFile; productRef = 4E2C54962B1FFA0500BB0E1A /* FirebaseFirestoreCombine-Community */; };
		4E2C54992B1FFA0500BB0E1A /* FirebaseFirestoreSwift in Frameworks */ = {isa = PBXBuildFile; productRef = 4E2C54982B1FFA0500BB0E1A /* FirebaseFirestoreSwift */; };
		4E2C549B2B1FFA0500BB0E1A /* FirebaseFunctions in Frameworks */ = {isa = PBXBuildFile; productRef = 4E2C549A2B1FFA0500BB0E1A /* FirebaseFunctions */; };
		4E2C549D2B1FFA0500BB0E1A /* FirebaseFunctionsCombine-Community in Frameworks */ = {isa = PBXBuildFile; productRef = 4E2C549C2B1FFA0500BB0E1A /* FirebaseFunctionsCombine-Community */; };
		4E2C549F2B1FFA0500BB0E1A /* FirebaseInAppMessaging-Beta in Frameworks */ = {isa = PBXBuildFile; productRef = 4E2C549E2B1FFA0500BB0E1A /* FirebaseInAppMessaging-Beta */; };
		4E2C54A12B1FFA0500BB0E1A /* FirebaseInAppMessagingSwift-Beta in Frameworks */ = {isa = PBXBuildFile; productRef = 4E2C54A02B1FFA0500BB0E1A /* FirebaseInAppMessagingSwift-Beta */; };
		4E2C54A32B1FFA0500BB0E1A /* FirebaseInstallations in Frameworks */ = {isa = PBXBuildFile; productRef = 4E2C54A22B1FFA0500BB0E1A /* FirebaseInstallations */; };
		4E2C54A52B1FFA0500BB0E1A /* FirebaseMLModelDownloader in Frameworks */ = {isa = PBXBuildFile; productRef = 4E2C54A42B1FFA0500BB0E1A /* FirebaseMLModelDownloader */; };
		4E2C54A72B1FFA0500BB0E1A /* FirebaseMessaging in Frameworks */ = {isa = PBXBuildFile; productRef = 4E2C54A62B1FFA0500BB0E1A /* FirebaseMessaging */; };
		4E2C54A92B1FFA0500BB0E1A /* FirebasePerformance in Frameworks */ = {isa = PBXBuildFile; productRef = 4E2C54A82B1FFA0500BB0E1A /* FirebasePerformance */; };
		4E2C54AB2B1FFA0500BB0E1A /* FirebaseRemoteConfig in Frameworks */ = {isa = PBXBuildFile; productRef = 4E2C54AA2B1FFA0500BB0E1A /* FirebaseRemoteConfig */; };
		4E2C54AD2B1FFA0500BB0E1A /* FirebaseRemoteConfigSwift in Frameworks */ = {isa = PBXBuildFile; productRef = 4E2C54AC2B1FFA0500BB0E1A /* FirebaseRemoteConfigSwift */; };
		4E2C54AF2B1FFA0500BB0E1A /* FirebaseStorage in Frameworks */ = {isa = PBXBuildFile; productRef = 4E2C54AE2B1FFA0500BB0E1A /* FirebaseStorage */; };
		4E2C54B12B1FFA0500BB0E1A /* FirebaseStorageCombine-Community in Frameworks */ = {isa = PBXBuildFile; productRef = 4E2C54B02B1FFA0500BB0E1A /* FirebaseStorageCombine-Community */; };
		4E2C54B52B1FFAF100BB0E1A /* LoginViewModel.swift in Sources */ = {isa = PBXBuildFile; fileRef = 4E2C54B42B1FFAF100BB0E1A /* LoginViewModel.swift */; };
		4E2C54B72B1FFB1600BB0E1A /* RegistrationViewModel.swift in Sources */ = {isa = PBXBuildFile; fileRef = 4E2C54B62B1FFB1600BB0E1A /* RegistrationViewModel.swift */; };
		4E2C54B92B1FFB3400BB0E1A /* AuthService.swift in Sources */ = {isa = PBXBuildFile; fileRef = 4E2C54B82B1FFB3400BB0E1A /* AuthService.swift */; };
		4EBFFC132B1E7B83005DA141 /* MessengerApp.swift in Sources */ = {isa = PBXBuildFile; fileRef = 4EBFFC122B1E7B83005DA141 /* MessengerApp.swift */; };
		4EBFFC152B1E7B83005DA141 /* ContentView.swift in Sources */ = {isa = PBXBuildFile; fileRef = 4EBFFC142B1E7B83005DA141 /* ContentView.swift */; };
		4EBFFC172B1E7B86005DA141 /* Assets.xcassets in Resources */ = {isa = PBXBuildFile; fileRef = 4EBFFC162B1E7B86005DA141 /* Assets.xcassets */; };
		4EBFFC1A2B1E7B86005DA141 /* Preview Assets.xcassets in Resources */ = {isa = PBXBuildFile; fileRef = 4EBFFC192B1E7B86005DA141 /* Preview Assets.xcassets */; };
		4EBFFC292B1E7C06005DA141 /* LoginView.swift in Sources */ = {isa = PBXBuildFile; fileRef = 4EBFFC282B1E7C06005DA141 /* LoginView.swift */; };
		4EBFFC2B2B1E8D31005DA141 /* RegistrationView.swift in Sources */ = {isa = PBXBuildFile; fileRef = 4EBFFC2A2B1E8D31005DA141 /* RegistrationView.swift */; };
		4EBFFC2E2B1E8FE9005DA141 /* InboxView.swift in Sources */ = {isa = PBXBuildFile; fileRef = 4EBFFC2D2B1E8FE9005DA141 /* InboxView.swift */; };
		4EBFFC312B1E9143005DA141 /* ActiveNowView.swift in Sources */ = {isa = PBXBuildFile; fileRef = 4EBFFC302B1E9143005DA141 /* ActiveNowView.swift */; };
		4EBFFC332B1E92CA005DA141 /* InboxRowView.swift in Sources */ = {isa = PBXBuildFile; fileRef = 4EBFFC322B1E92CA005DA141 /* InboxRowView.swift */; };
		4EBFFC362B1E9690005DA141 /* NewMessageView.swift in Sources */ = {isa = PBXBuildFile; fileRef = 4EBFFC352B1E9690005DA141 /* NewMessageView.swift */; };
		4EBFFC3B2B1E9A48005DA141 /* ProfileView.swift in Sources */ = {isa = PBXBuildFile; fileRef = 4EBFFC3A2B1E9A48005DA141 /* ProfileView.swift */; };
		4EBFFC3D2B1E9B9A005DA141 /* SettingsOptionsViewModel.swift in Sources */ = {isa = PBXBuildFile; fileRef = 4EBFFC3C2B1E9B9A005DA141 /* SettingsOptionsViewModel.swift */; };
		4EBFFC3F2B1F3C60005DA141 /* ProfileViewModel.swift in Sources */ = {isa = PBXBuildFile; fileRef = 4EBFFC3E2B1F3C60005DA141 /* ProfileViewModel.swift */; };
		4EBFFC412B1F46A5005DA141 /* User.swift in Sources */ = {isa = PBXBuildFile; fileRef = 4EBFFC402B1F46A5005DA141 /* User.swift */; };
		4EBFFC452B1F7538005DA141 /* CircularProfileImageView.swift in Sources */ = {isa = PBXBuildFile; fileRef = 4EBFFC442B1F7538005DA141 /* CircularProfileImageView.swift */; };
		4ECAD3F52B20C15900C84F86 /* ContentViewModel.swift in Sources */ = {isa = PBXBuildFile; fileRef = 4ECAD3F42B20C15900C84F86 /* ContentViewModel.swift */; };
/* End PBXBuildFile section */

/* Begin PBXFileReference section */
		4E2C54712B1FE6E000BB0E1A /* ChatView.swift */ = {isa = PBXFileReference; lastKnownFileType = sourcecode.swift; path = ChatView.swift; sourceTree = "<group>"; };
		4E2C54732B1FEEC400BB0E1A /* ChatMessageCell.swift */ = {isa = PBXFileReference; lastKnownFileType = sourcecode.swift; path = ChatMessageCell.swift; sourceTree = "<group>"; };
		4E2C54752B1FF17A00BB0E1A /* ChatBubble.swift */ = {isa = PBXFileReference; lastKnownFileType = sourcecode.swift; path = ChatBubble.swift; sourceTree = "<group>"; };
		4E2C54792B1FF91200BB0E1A /* GoogleService-Info.plist */ = {isa = PBXFileReference; fileEncoding = 4; lastKnownFileType = text.plist.xml; path = "GoogleService-Info.plist"; sourceTree = "<group>"; };
		4E2C54B42B1FFAF100BB0E1A /* LoginViewModel.swift */ = {isa = PBXFileReference; lastKnownFileType = sourcecode.swift; path = LoginViewModel.swift; sourceTree = "<group>"; };
		4E2C54B62B1FFB1600BB0E1A /* RegistrationViewModel.swift */ = {isa = PBXFileReference; lastKnownFileType = sourcecode.swift; path = RegistrationViewModel.swift; sourceTree = "<group>"; };
		4E2C54B82B1FFB3400BB0E1A /* AuthService.swift */ = {isa = PBXFileReference; lastKnownFileType = sourcecode.swift; path = AuthService.swift; sourceTree = "<group>"; };
		4EBFFC0F2B1E7B83005DA141 /* Messenger.app */ = {isa = PBXFileReference; explicitFileType = wrapper.application; includeInIndex = 0; path = Messenger.app; sourceTree = BUILT_PRODUCTS_DIR; };
		4EBFFC122B1E7B83005DA141 /* MessengerApp.swift */ = {isa = PBXFileReference; lastKnownFileType = sourcecode.swift; path = MessengerApp.swift; sourceTree = "<group>"; };
		4EBFFC142B1E7B83005DA141 /* ContentView.swift */ = {isa = PBXFileReference; lastKnownFileType = sourcecode.swift; path = ContentView.swift; sourceTree = "<group>"; };
		4EBFFC162B1E7B86005DA141 /* Assets.xcassets */ = {isa = PBXFileReference; lastKnownFileType = folder.assetcatalog; path = Assets.xcassets; sourceTree = "<group>"; };
		4EBFFC192B1E7B86005DA141 /* Preview Assets.xcassets */ = {isa = PBXFileReference; lastKnownFileType = folder.assetcatalog; path = "Preview Assets.xcassets"; sourceTree = "<group>"; };
		4EBFFC282B1E7C06005DA141 /* LoginView.swift */ = {isa = PBXFileReference; lastKnownFileType = sourcecode.swift; path = LoginView.swift; sourceTree = "<group>"; };
		4EBFFC2A2B1E8D31005DA141 /* RegistrationView.swift */ = {isa = PBXFileReference; lastKnownFileType = sourcecode.swift; path = RegistrationView.swift; sourceTree = "<group>"; };
		4EBFFC2D2B1E8FE9005DA141 /* InboxView.swift */ = {isa = PBXFileReference; lastKnownFileType = sourcecode.swift; path = InboxView.swift; sourceTree = "<group>"; };
		4EBFFC302B1E9143005DA141 /* ActiveNowView.swift */ = {isa = PBXFileReference; lastKnownFileType = sourcecode.swift; path = ActiveNowView.swift; sourceTree = "<group>"; };
		4EBFFC322B1E92CA005DA141 /* InboxRowView.swift */ = {isa = PBXFileReference; lastKnownFileType = sourcecode.swift; path = InboxRowView.swift; sourceTree = "<group>"; };
		4EBFFC352B1E9690005DA141 /* NewMessageView.swift */ = {isa = PBXFileReference; lastKnownFileType = sourcecode.swift; path = NewMessageView.swift; sourceTree = "<group>"; };
		4EBFFC3A2B1E9A48005DA141 /* ProfileView.swift */ = {isa = PBXFileReference; lastKnownFileType = sourcecode.swift; path = ProfileView.swift; sourceTree = "<group>"; };
		4EBFFC3C2B1E9B9A005DA141 /* SettingsOptionsViewModel.swift */ = {isa = PBXFileReference; lastKnownFileType = sourcecode.swift; path = SettingsOptionsViewModel.swift; sourceTree = "<group>"; };
		4EBFFC3E2B1F3C60005DA141 /* ProfileViewModel.swift */ = {isa = PBXFileReference; lastKnownFileType = sourcecode.swift; path = ProfileViewModel.swift; sourceTree = "<group>"; };
		4EBFFC402B1F46A5005DA141 /* User.swift */ = {isa = PBXFileReference; lastKnownFileType = sourcecode.swift; path = User.swift; sourceTree = "<group>"; };
		4EBFFC442B1F7538005DA141 /* CircularProfileImageView.swift */ = {isa = PBXFileReference; lastKnownFileType = sourcecode.swift; path = CircularProfileImageView.swift; sourceTree = "<group>"; };
		4ECAD3F42B20C15900C84F86 /* ContentViewModel.swift */ = {isa = PBXFileReference; lastKnownFileType = sourcecode.swift; path = ContentViewModel.swift; sourceTree = "<group>"; };
/* End PBXFileReference section */

/* Begin PBXFrameworksBuildPhase section */
		4EBFFC0C2B1E7B83005DA141 /* Frameworks */ = {
			isa = PBXFrameworksBuildPhase;
			buildActionMask = 2147483647;
			files = (
				4E2C548F2B1FFA0500BB0E1A /* FirebaseDatabase in Frameworks */,
				4E2C549D2B1FFA0500BB0E1A /* FirebaseFunctionsCombine-Community in Frameworks */,
				4E2C54952B1FFA0500BB0E1A /* FirebaseFirestore in Frameworks */,
				4E2C54812B1FFA0500BB0E1A /* FirebaseAnalyticsSwift in Frameworks */,
				4E2C547D2B1FFA0500BB0E1A /* FirebaseAnalytics in Frameworks */,
				4E2C547F2B1FFA0500BB0E1A /* FirebaseAnalyticsOnDeviceConversion in Frameworks */,
				4E2C54A52B1FFA0500BB0E1A /* FirebaseMLModelDownloader in Frameworks */,
				4E2C54992B1FFA0500BB0E1A /* FirebaseFirestoreSwift in Frameworks */,
				4E2C54852B1FFA0500BB0E1A /* FirebaseAppCheck in Frameworks */,
				4E2C54832B1FFA0500BB0E1A /* FirebaseAnalyticsWithoutAdIdSupport in Frameworks */,
				4E2C54892B1FFA0500BB0E1A /* FirebaseAuth in Frameworks */,
				4E2C548D2B1FFA0500BB0E1A /* FirebaseCrashlytics in Frameworks */,
				4E2C54AD2B1FFA0500BB0E1A /* FirebaseRemoteConfigSwift in Frameworks */,
				4E2C549F2B1FFA0500BB0E1A /* FirebaseInAppMessaging-Beta in Frameworks */,
				4E2C54912B1FFA0500BB0E1A /* FirebaseDatabaseSwift in Frameworks */,
				4E2C549B2B1FFA0500BB0E1A /* FirebaseFunctions in Frameworks */,
				4E2C54B12B1FFA0500BB0E1A /* FirebaseStorageCombine-Community in Frameworks */,
				4E2C54AB2B1FFA0500BB0E1A /* FirebaseRemoteConfig in Frameworks */,
				4E2C54872B1FFA0500BB0E1A /* FirebaseAppDistribution-Beta in Frameworks */,
				4E2C548B2B1FFA0500BB0E1A /* FirebaseAuthCombine-Community in Frameworks */,
				4E2C54A92B1FFA0500BB0E1A /* FirebasePerformance in Frameworks */,
				4E2C54A12B1FFA0500BB0E1A /* FirebaseInAppMessagingSwift-Beta in Frameworks */,
				4E2C54AF2B1FFA0500BB0E1A /* FirebaseStorage in Frameworks */,
				4E2C54932B1FFA0500BB0E1A /* FirebaseDynamicLinks in Frameworks */,
				4E2C54972B1FFA0500BB0E1A /* FirebaseFirestoreCombine-Community in Frameworks */,
				4E2C54A72B1FFA0500BB0E1A /* FirebaseMessaging in Frameworks */,
				4E2C54A32B1FFA0500BB0E1A /* FirebaseInstallations in Frameworks */,
			);
			runOnlyForDeploymentPostprocessing = 0;
		};
/* End PBXFrameworksBuildPhase section */

/* Begin PBXGroup section */
		4E2C54B22B1FFAE100BB0E1A /* Service */ = {
			isa = PBXGroup;
			children = (
				4E2C54B82B1FFB3400BB0E1A /* AuthService.swift */,
			);
			path = Service;
			sourceTree = "<group>";
		};
		4E2C54B32B1FFAE500BB0E1A /* ViewModel */ = {
			isa = PBXGroup;
			children = (
				4E2C54B42B1FFAF100BB0E1A /* LoginViewModel.swift */,
				4E2C54B62B1FFB1600BB0E1A /* RegistrationViewModel.swift */,
			);
			path = ViewModel;
			sourceTree = "<group>";
		};
		4E332E902B1FE69300D063DC /* Chat */ = {
			isa = PBXGroup;
			children = (
				4E2C54712B1FE6E000BB0E1A /* ChatView.swift */,
				4E2C54732B1FEEC400BB0E1A /* ChatMessageCell.swift */,
				4E2C54752B1FF17A00BB0E1A /* ChatBubble.swift */,
			);
			path = Chat;
			sourceTree = "<group>";
		};
		4EBFFC062B1E7B83005DA141 = {
			isa = PBXGroup;
			children = (
				4EBFFC112B1E7B83005DA141 /* Messenger */,
				4EBFFC102B1E7B83005DA141 /* Products */,
			);
			sourceTree = "<group>";
		};
		4EBFFC102B1E7B83005DA141 /* Products */ = {
			isa = PBXGroup;
			children = (
				4EBFFC0F2B1E7B83005DA141 /* Messenger.app */,
			);
			name = Products;
			sourceTree = "<group>";
		};
		4EBFFC112B1E7B83005DA141 /* Messenger */ = {
			isa = PBXGroup;
			children = (
				4EBFFC202B1E7B9D005DA141 /* App */,
				4EBFFC212B1E7BA5005DA141 /* Core */,
				4EBFFC242B1E7BB1005DA141 /* Extensions */,
				4EBFFC222B1E7BA8005DA141 /* Model */,
				4EBFFC232B1E7BAB005DA141 /* Service */,
				4EBFFC162B1E7B86005DA141 /* Assets.xcassets */,
				4E2C54792B1FF91200BB0E1A /* GoogleService-Info.plist */,
				4EBFFC182B1E7B86005DA141 /* Preview Content */,
			);
			path = Messenger;
			sourceTree = "<group>";
		};
		4EBFFC182B1E7B86005DA141 /* Preview Content */ = {
			isa = PBXGroup;
			children = (
				4EBFFC192B1E7B86005DA141 /* Preview Assets.xcassets */,
			);
			path = "Preview Content";
			sourceTree = "<group>";
		};
		4EBFFC202B1E7B9D005DA141 /* App */ = {
			isa = PBXGroup;
			children = (
				4EBFFC122B1E7B83005DA141 /* MessengerApp.swift */,
			);
			path = App;
			sourceTree = "<group>";
		};
		4EBFFC212B1E7BA5005DA141 /* Core */ = {
			isa = PBXGroup;
			children = (
				4EBFFC2F2B1E9131005DA141 /* ActiveNow */,
				4EBFFC252B1E7BDF005DA141 /* Auth */,
				4E332E902B1FE69300D063DC /* Chat */,
				4EBFFC432B1F74DF005DA141 /* Components */,
				4EBFFC2C2B1E8FCF005DA141 /* Inbox */,
				4EBFFC342B1E9665005DA141 /* NewMessage */,
				4EBFFC372B1E9A03005DA141 /* Profile */,
				4EBFFC262B1E7BE9005DA141 /* Root */,
			);
			path = Core;
			sourceTree = "<group>";
		};
		4EBFFC222B1E7BA8005DA141 /* Model */ = {
			isa = PBXGroup;
			children = (
				4EBFFC402B1F46A5005DA141 /* User.swift */,
			);
			path = Model;
			sourceTree = "<group>";
		};
		4EBFFC232B1E7BAB005DA141 /* Service */ = {
			isa = PBXGroup;
			children = (
			);
			path = Service;
			sourceTree = "<group>";
		};
		4EBFFC242B1E7BB1005DA141 /* Extensions */ = {
			isa = PBXGroup;
			children = (
			);
			path = Extensions;
			sourceTree = "<group>";
		};
		4EBFFC252B1E7BDF005DA141 /* Auth */ = {
			isa = PBXGroup;
			children = (
				4E2C54B22B1FFAE100BB0E1A /* Service */,
				4EBFFC272B1E7BF9005DA141 /* View */,
				4E2C54B32B1FFAE500BB0E1A /* ViewModel */,
			);
			path = Auth;
			sourceTree = "<group>";
		};
		4EBFFC262B1E7BE9005DA141 /* Root */ = {
			isa = PBXGroup;
			children = (
				4EDB7BB72B20C0A300E7BC30 /* View */,
				4ECAD3F32B20C13400C84F86 /* ViewModel */,
			);
			path = Root;
			sourceTree = "<group>";
		};
		4EBFFC272B1E7BF9005DA141 /* View */ = {
			isa = PBXGroup;
			children = (
				4EBFFC282B1E7C06005DA141 /* LoginView.swift */,
				4EBFFC2A2B1E8D31005DA141 /* RegistrationView.swift */,
			);
			path = View;
			sourceTree = "<group>";
		};
		4EBFFC2C2B1E8FCF005DA141 /* Inbox */ = {
			isa = PBXGroup;
			children = (
				4EBFFC2D2B1E8FE9005DA141 /* InboxView.swift */,
				4EBFFC322B1E92CA005DA141 /* InboxRowView.swift */,
			);
			path = Inbox;
			sourceTree = "<group>";
		};
		4EBFFC2F2B1E9131005DA141 /* ActiveNow */ = {
			isa = PBXGroup;
			children = (
				4EBFFC302B1E9143005DA141 /* ActiveNowView.swift */,
			);
			path = ActiveNow;
			sourceTree = "<group>";
		};
		4EBFFC342B1E9665005DA141 /* NewMessage */ = {
			isa = PBXGroup;
			children = (
				4EBFFC352B1E9690005DA141 /* NewMessageView.swift */,
			);
			path = NewMessage;
			sourceTree = "<group>";
		};
		4EBFFC372B1E9A03005DA141 /* Profile */ = {
			isa = PBXGroup;
			children = (
				4EBFFC392B1E9A40005DA141 /* View */,
				4EBFFC382B1E9A3A005DA141 /* ViewModel */,
			);
			path = Profile;
			sourceTree = "<group>";
		};
		4EBFFC382B1E9A3A005DA141 /* ViewModel */ = {
			isa = PBXGroup;
			children = (
				4EBFFC3C2B1E9B9A005DA141 /* SettingsOptionsViewModel.swift */,
				4EBFFC3E2B1F3C60005DA141 /* ProfileViewModel.swift */,
			);
			path = ViewModel;
			sourceTree = "<group>";
		};
		4EBFFC392B1E9A40005DA141 /* View */ = {
			isa = PBXGroup;
			children = (
				4EBFFC3A2B1E9A48005DA141 /* ProfileView.swift */,
			);
			path = View;
			sourceTree = "<group>";
		};
		4EBFFC432B1F74DF005DA141 /* Components */ = {
			isa = PBXGroup;
			children = (
				4EBFFC442B1F7538005DA141 /* CircularProfileImageView.swift */,
			);
			path = Components;
			sourceTree = "<group>";
		};
		4ECAD3F32B20C13400C84F86 /* ViewModel */ = {
			isa = PBXGroup;
			children = (
				4ECAD3F42B20C15900C84F86 /* ContentViewModel.swift */,
			);
			path = ViewModel;
			sourceTree = "<group>";
		};
		4EDB7BB72B20C0A300E7BC30 /* View */ = {
			isa = PBXGroup;
			children = (
				4EBFFC142B1E7B83005DA141 /* ContentView.swift */,
			);
			path = View;
			sourceTree = "<group>";
		};
/* End PBXGroup section */

/* Begin PBXNativeTarget section */
		4EBFFC0E2B1E7B83005DA141 /* Messenger */ = {
			isa = PBXNativeTarget;
			buildConfigurationList = 4EBFFC1D2B1E7B86005DA141 /* Build configuration list for PBXNativeTarget "Messenger" */;
			buildPhases = (
				4EBFFC0B2B1E7B83005DA141 /* Sources */,
				4EBFFC0C2B1E7B83005DA141 /* Frameworks */,
				4EBFFC0D2B1E7B83005DA141 /* Resources */,
			);
			buildRules = (
			);
			dependencies = (
			);
			name = Messenger;
			packageProductDependencies = (
				4E2C547C2B1FFA0500BB0E1A /* FirebaseAnalytics */,
				4E2C547E2B1FFA0500BB0E1A /* FirebaseAnalyticsOnDeviceConversion */,
				4E2C54802B1FFA0500BB0E1A /* FirebaseAnalyticsSwift */,
				4E2C54822B1FFA0500BB0E1A /* FirebaseAnalyticsWithoutAdIdSupport */,
				4E2C54842B1FFA0500BB0E1A /* FirebaseAppCheck */,
				4E2C54862B1FFA0500BB0E1A /* FirebaseAppDistribution-Beta */,
				4E2C54882B1FFA0500BB0E1A /* FirebaseAuth */,
				4E2C548A2B1FFA0500BB0E1A /* FirebaseAuthCombine-Community */,
				4E2C548C2B1FFA0500BB0E1A /* FirebaseCrashlytics */,
				4E2C548E2B1FFA0500BB0E1A /* FirebaseDatabase */,
				4E2C54902B1FFA0500BB0E1A /* FirebaseDatabaseSwift */,
				4E2C54922B1FFA0500BB0E1A /* FirebaseDynamicLinks */,
				4E2C54942B1FFA0500BB0E1A /* FirebaseFirestore */,
				4E2C54962B1FFA0500BB0E1A /* FirebaseFirestoreCombine-Community */,
				4E2C54982B1FFA0500BB0E1A /* FirebaseFirestoreSwift */,
				4E2C549A2B1FFA0500BB0E1A /* FirebaseFunctions */,
				4E2C549C2B1FFA0500BB0E1A /* FirebaseFunctionsCombine-Community */,
				4E2C549E2B1FFA0500BB0E1A /* FirebaseInAppMessaging-Beta */,
				4E2C54A02B1FFA0500BB0E1A /* FirebaseInAppMessagingSwift-Beta */,
				4E2C54A22B1FFA0500BB0E1A /* FirebaseInstallations */,
				4E2C54A42B1FFA0500BB0E1A /* FirebaseMLModelDownloader */,
				4E2C54A62B1FFA0500BB0E1A /* FirebaseMessaging */,
				4E2C54A82B1FFA0500BB0E1A /* FirebasePerformance */,
				4E2C54AA2B1FFA0500BB0E1A /* FirebaseRemoteConfig */,
				4E2C54AC2B1FFA0500BB0E1A /* FirebaseRemoteConfigSwift */,
				4E2C54AE2B1FFA0500BB0E1A /* FirebaseStorage */,
				4E2C54B02B1FFA0500BB0E1A /* FirebaseStorageCombine-Community */,
			);
			productName = Messenger;
			productReference = 4EBFFC0F2B1E7B83005DA141 /* Messenger.app */;
			productType = "com.apple.product-type.application";
		};
/* End PBXNativeTarget section */

/* Begin PBXProject section */
		4EBFFC072B1E7B83005DA141 /* Project object */ = {
			isa = PBXProject;
			attributes = {
				BuildIndependentTargetsInParallel = 1;
				LastSwiftUpdateCheck = 1500;
				LastUpgradeCheck = 1500;
				TargetAttributes = {
					4EBFFC0E2B1E7B83005DA141 = {
						CreatedOnToolsVersion = 15.0.1;
					};
				};
			};
			buildConfigurationList = 4EBFFC0A2B1E7B83005DA141 /* Build configuration list for PBXProject "Messenger" */;
			compatibilityVersion = "Xcode 14.0";
			developmentRegion = en;
			hasScannedForEncodings = 0;
			knownRegions = (
				en,
				Base,
			);
			mainGroup = 4EBFFC062B1E7B83005DA141;
			packageReferences = (
				4E2C547B2B1FFA0500BB0E1A /* XCRemoteSwiftPackageReference "firebase-ios-sdk" */,
			);
			productRefGroup = 4EBFFC102B1E7B83005DA141 /* Products */;
			projectDirPath = "";
			projectRoot = "";
			targets = (
				4EBFFC0E2B1E7B83005DA141 /* Messenger */,
			);
		};
/* End PBXProject section */

/* Begin PBXResourcesBuildPhase section */
		4EBFFC0D2B1E7B83005DA141 /* Resources */ = {
			isa = PBXResourcesBuildPhase;
			buildActionMask = 2147483647;
			files = (
				4EBFFC1A2B1E7B86005DA141 /* Preview Assets.xcassets in Resources */,
				4EBFFC172B1E7B86005DA141 /* Assets.xcassets in Resources */,
				4E2C547A2B1FF91200BB0E1A /* GoogleService-Info.plist in Resources */,
			);
			runOnlyForDeploymentPostprocessing = 0;
		};
/* End PBXResourcesBuildPhase section */

/* Begin PBXSourcesBuildPhase section */
		4EBFFC0B2B1E7B83005DA141 /* Sources */ = {
			isa = PBXSourcesBuildPhase;
			buildActionMask = 2147483647;
			files = (
				4EBFFC332B1E92CA005DA141 /* InboxRowView.swift in Sources */,
				4E2C54B72B1FFB1600BB0E1A /* RegistrationViewModel.swift in Sources */,
				4EBFFC3B2B1E9A48005DA141 /* ProfileView.swift in Sources */,
				4EBFFC362B1E9690005DA141 /* NewMessageView.swift in Sources */,
				4ECAD3F52B20C15900C84F86 /* ContentViewModel.swift in Sources */,
				4EBFFC2B2B1E8D31005DA141 /* RegistrationView.swift in Sources */,
				4E2C54722B1FE6E000BB0E1A /* ChatView.swift in Sources */,
				4E2C54B92B1FFB3400BB0E1A /* AuthService.swift in Sources */,
				4EBFFC292B1E7C06005DA141 /* LoginView.swift in Sources */,
				4E2C54742B1FEEC400BB0E1A /* ChatMessageCell.swift in Sources */,
				4E2C54762B1FF17A00BB0E1A /* ChatBubble.swift in Sources */,
				4EBFFC452B1F7538005DA141 /* CircularProfileImageView.swift in Sources */,
				4EBFFC2E2B1E8FE9005DA141 /* InboxView.swift in Sources */,
				4E2C54B52B1FFAF100BB0E1A /* LoginViewModel.swift in Sources */,
				4EBFFC312B1E9143005DA141 /* ActiveNowView.swift in Sources */,
				4EBFFC3F2B1F3C60005DA141 /* ProfileViewModel.swift in Sources */,
				4EBFFC412B1F46A5005DA141 /* User.swift in Sources */,
				4EBFFC152B1E7B83005DA141 /* ContentView.swift in Sources */,
				4EBFFC3D2B1E9B9A005DA141 /* SettingsOptionsViewModel.swift in Sources */,
				4EBFFC132B1E7B83005DA141 /* MessengerApp.swift in Sources */,
			);
			runOnlyForDeploymentPostprocessing = 0;
		};
/* End PBXSourcesBuildPhase section */

/* Begin XCBuildConfiguration section */
		4EBFFC1B2B1E7B86005DA141 /* Debug */ = {
			isa = XCBuildConfiguration;
			buildSettings = {
				ALWAYS_SEARCH_USER_PATHS = NO;
				ASSETCATALOG_COMPILER_GENERATE_SWIFT_ASSET_SYMBOL_EXTENSIONS = YES;
				CLANG_ANALYZER_NONNULL = YES;
				CLANG_ANALYZER_NUMBER_OBJECT_CONVERSION = YES_AGGRESSIVE;
				CLANG_CXX_LANGUAGE_STANDARD = "gnu++20";
				CLANG_ENABLE_MODULES = YES;
				CLANG_ENABLE_OBJC_ARC = YES;
				CLANG_ENABLE_OBJC_WEAK = YES;
				CLANG_WARN_BLOCK_CAPTURE_AUTORELEASING = YES;
				CLANG_WARN_BOOL_CONVERSION = YES;
				CLANG_WARN_COMMA = YES;
				CLANG_WARN_CONSTANT_CONVERSION = YES;
				CLANG_WARN_DEPRECATED_OBJC_IMPLEMENTATIONS = YES;
				CLANG_WARN_DIRECT_OBJC_ISA_USAGE = YES_ERROR;
				CLANG_WARN_DOCUMENTATION_COMMENTS = YES;
				CLANG_WARN_EMPTY_BODY = YES;
				CLANG_WARN_ENUM_CONVERSION = YES;
				CLANG_WARN_INFINITE_RECURSION = YES;
				CLANG_WARN_INT_CONVERSION = YES;
				CLANG_WARN_NON_LITERAL_NULL_CONVERSION = YES;
				CLANG_WARN_OBJC_IMPLICIT_RETAIN_SELF = YES;
				CLANG_WARN_OBJC_LITERAL_CONVERSION = YES;
				CLANG_WARN_OBJC_ROOT_CLASS = YES_ERROR;
				CLANG_WARN_QUOTED_INCLUDE_IN_FRAMEWORK_HEADER = YES;
				CLANG_WARN_RANGE_LOOP_ANALYSIS = YES;
				CLANG_WARN_STRICT_PROTOTYPES = YES;
				CLANG_WARN_SUSPICIOUS_MOVE = YES;
				CLANG_WARN_UNGUARDED_AVAILABILITY = YES_AGGRESSIVE;
				CLANG_WARN_UNREACHABLE_CODE = YES;
				CLANG_WARN__DUPLICATE_METHOD_MATCH = YES;
				COPY_PHASE_STRIP = NO;
				DEBUG_INFORMATION_FORMAT = dwarf;
				ENABLE_STRICT_OBJC_MSGSEND = YES;
				ENABLE_TESTABILITY = YES;
				ENABLE_USER_SCRIPT_SANDBOXING = YES;
				GCC_C_LANGUAGE_STANDARD = gnu17;
				GCC_DYNAMIC_NO_PIC = NO;
				GCC_NO_COMMON_BLOCKS = YES;
				GCC_OPTIMIZATION_LEVEL = 0;
				GCC_PREPROCESSOR_DEFINITIONS = (
					"DEBUG=1",
					"$(inherited)",
				);
				GCC_WARN_64_TO_32_BIT_CONVERSION = YES;
				GCC_WARN_ABOUT_RETURN_TYPE = YES_ERROR;
				GCC_WARN_UNDECLARED_SELECTOR = YES;
				GCC_WARN_UNINITIALIZED_AUTOS = YES_AGGRESSIVE;
				GCC_WARN_UNUSED_FUNCTION = YES;
				GCC_WARN_UNUSED_VARIABLE = YES;
				IPHONEOS_DEPLOYMENT_TARGET = 17.0;
				LOCALIZATION_PREFERS_STRING_CATALOGS = YES;
				MTL_ENABLE_DEBUG_INFO = INCLUDE_SOURCE;
				MTL_FAST_MATH = YES;
				ONLY_ACTIVE_ARCH = YES;
				SDKROOT = iphoneos;
				SWIFT_ACTIVE_COMPILATION_CONDITIONS = "DEBUG $(inherited)";
				SWIFT_OPTIMIZATION_LEVEL = "-Onone";
			};
			name = Debug;
		};
		4EBFFC1C2B1E7B86005DA141 /* Release */ = {
			isa = XCBuildConfiguration;
			buildSettings = {
				ALWAYS_SEARCH_USER_PATHS = NO;
				ASSETCATALOG_COMPILER_GENERATE_SWIFT_ASSET_SYMBOL_EXTENSIONS = YES;
				CLANG_ANALYZER_NONNULL = YES;
				CLANG_ANALYZER_NUMBER_OBJECT_CONVERSION = YES_AGGRESSIVE;
				CLANG_CXX_LANGUAGE_STANDARD = "gnu++20";
				CLANG_ENABLE_MODULES = YES;
				CLANG_ENABLE_OBJC_ARC = YES;
				CLANG_ENABLE_OBJC_WEAK = YES;
				CLANG_WARN_BLOCK_CAPTURE_AUTORELEASING = YES;
				CLANG_WARN_BOOL_CONVERSION = YES;
				CLANG_WARN_COMMA = YES;
				CLANG_WARN_CONSTANT_CONVERSION = YES;
				CLANG_WARN_DEPRECATED_OBJC_IMPLEMENTATIONS = YES;
				CLANG_WARN_DIRECT_OBJC_ISA_USAGE = YES_ERROR;
				CLANG_WARN_DOCUMENTATION_COMMENTS = YES;
				CLANG_WARN_EMPTY_BODY = YES;
				CLANG_WARN_ENUM_CONVERSION = YES;
				CLANG_WARN_INFINITE_RECURSION = YES;
				CLANG_WARN_INT_CONVERSION = YES;
				CLANG_WARN_NON_LITERAL_NULL_CONVERSION = YES;
				CLANG_WARN_OBJC_IMPLICIT_RETAIN_SELF = YES;
				CLANG_WARN_OBJC_LITERAL_CONVERSION = YES;
				CLANG_WARN_OBJC_ROOT_CLASS = YES_ERROR;
				CLANG_WARN_QUOTED_INCLUDE_IN_FRAMEWORK_HEADER = YES;
				CLANG_WARN_RANGE_LOOP_ANALYSIS = YES;
				CLANG_WARN_STRICT_PROTOTYPES = YES;
				CLANG_WARN_SUSPICIOUS_MOVE = YES;
				CLANG_WARN_UNGUARDED_AVAILABILITY = YES_AGGRESSIVE;
				CLANG_WARN_UNREACHABLE_CODE = YES;
				CLANG_WARN__DUPLICATE_METHOD_MATCH = YES;
				COPY_PHASE_STRIP = NO;
				DEBUG_INFORMATION_FORMAT = "dwarf-with-dsym";
				ENABLE_NS_ASSERTIONS = NO;
				ENABLE_STRICT_OBJC_MSGSEND = YES;
				ENABLE_USER_SCRIPT_SANDBOXING = YES;
				GCC_C_LANGUAGE_STANDARD = gnu17;
				GCC_NO_COMMON_BLOCKS = YES;
				GCC_WARN_64_TO_32_BIT_CONVERSION = YES;
				GCC_WARN_ABOUT_RETURN_TYPE = YES_ERROR;
				GCC_WARN_UNDECLARED_SELECTOR = YES;
				GCC_WARN_UNINITIALIZED_AUTOS = YES_AGGRESSIVE;
				GCC_WARN_UNUSED_FUNCTION = YES;
				GCC_WARN_UNUSED_VARIABLE = YES;
				IPHONEOS_DEPLOYMENT_TARGET = 17.0;
				LOCALIZATION_PREFERS_STRING_CATALOGS = YES;
				MTL_ENABLE_DEBUG_INFO = NO;
				MTL_FAST_MATH = YES;
				SDKROOT = iphoneos;
				SWIFT_COMPILATION_MODE = wholemodule;
				VALIDATE_PRODUCT = YES;
			};
			name = Release;
		};
		4EBFFC1E2B1E7B86005DA141 /* Debug */ = {
			isa = XCBuildConfiguration;
			buildSettings = {
				ASSETCATALOG_COMPILER_APPICON_NAME = AppIcon;
				ASSETCATALOG_COMPILER_GLOBAL_ACCENT_COLOR_NAME = AccentColor;
				CODE_SIGN_STYLE = Automatic;
				CURRENT_PROJECT_VERSION = 1;
				DEVELOPMENT_ASSET_PATHS = "\"Messenger/Preview Content\"";
				DEVELOPMENT_TEAM = 385M435SA4;
				ENABLE_PREVIEWS = YES;
				GENERATE_INFOPLIST_FILE = YES;
				INFOPLIST_KEY_UIApplicationSceneManifest_Generation = YES;
				INFOPLIST_KEY_UIApplicationSupportsIndirectInputEvents = YES;
				INFOPLIST_KEY_UILaunchScreen_Generation = YES;
				INFOPLIST_KEY_UISupportedInterfaceOrientations_iPad = "UIInterfaceOrientationPortrait UIInterfaceOrientationPortraitUpsideDown UIInterfaceOrientationLandscapeLeft UIInterfaceOrientationLandscapeRight";
				INFOPLIST_KEY_UISupportedInterfaceOrientations_iPhone = "UIInterfaceOrientationPortrait UIInterfaceOrientationLandscapeLeft UIInterfaceOrientationLandscapeRight";
				LD_RUNPATH_SEARCH_PATHS = (
					"$(inherited)",
					"@executable_path/Frameworks",
				);
				MARKETING_VERSION = 1.0;
				PRODUCT_BUNDLE_IDENTIFIER = com.mertdurkaya.Messenger;
				PRODUCT_NAME = "$(TARGET_NAME)";
				SWIFT_EMIT_LOC_STRINGS = YES;
				SWIFT_VERSION = 5.0;
				TARGETED_DEVICE_FAMILY = "1,2";
			};
			name = Debug;
		};
		4EBFFC1F2B1E7B86005DA141 /* Release */ = {
			isa = XCBuildConfiguration;
			buildSettings = {
				ASSETCATALOG_COMPILER_APPICON_NAME = AppIcon;
				ASSETCATALOG_COMPILER_GLOBAL_ACCENT_COLOR_NAME = AccentColor;
				CODE_SIGN_STYLE = Automatic;
				CURRENT_PROJECT_VERSION = 1;
				DEVELOPMENT_ASSET_PATHS = "\"Messenger/Preview Content\"";
				DEVELOPMENT_TEAM = 385M435SA4;
				ENABLE_PREVIEWS = YES;
				GENERATE_INFOPLIST_FILE = YES;
				INFOPLIST_KEY_UIApplicationSceneManifest_Generation = YES;
				INFOPLIST_KEY_UIApplicationSupportsIndirectInputEvents = YES;
				INFOPLIST_KEY_UILaunchScreen_Generation = YES;
				INFOPLIST_KEY_UISupportedInterfaceOrientations_iPad = "UIInterfaceOrientationPortrait UIInterfaceOrientationPortraitUpsideDown UIInterfaceOrientationLandscapeLeft UIInterfaceOrientationLandscapeRight";
				INFOPLIST_KEY_UISupportedInterfaceOrientations_iPhone = "UIInterfaceOrientationPortrait UIInterfaceOrientationLandscapeLeft UIInterfaceOrientationLandscapeRight";
				LD_RUNPATH_SEARCH_PATHS = (
					"$(inherited)",
					"@executable_path/Frameworks",
				);
				MARKETING_VERSION = 1.0;
				PRODUCT_BUNDLE_IDENTIFIER = com.mertdurkaya.Messenger;
				PRODUCT_NAME = "$(TARGET_NAME)";
				SWIFT_EMIT_LOC_STRINGS = YES;
				SWIFT_VERSION = 5.0;
				TARGETED_DEVICE_FAMILY = "1,2";
			};
			name = Release;
		};
/* End XCBuildConfiguration section */

/* Begin XCConfigurationList section */
		4EBFFC0A2B1E7B83005DA141 /* Build configuration list for PBXProject "Messenger" */ = {
			isa = XCConfigurationList;
			buildConfigurations = (
				4EBFFC1B2B1E7B86005DA141 /* Debug */,
				4EBFFC1C2B1E7B86005DA141 /* Release */,
			);
			defaultConfigurationIsVisible = 0;
			defaultConfigurationName = Release;
		};
		4EBFFC1D2B1E7B86005DA141 /* Build configuration list for PBXNativeTarget "Messenger" */ = {
			isa = XCConfigurationList;
			buildConfigurations = (
				4EBFFC1E2B1E7B86005DA141 /* Debug */,
				4EBFFC1F2B1E7B86005DA141 /* Release */,
			);
			defaultConfigurationIsVisible = 0;
			defaultConfigurationName = Release;
		};
/* End XCConfigurationList section */

/* Begin XCRemoteSwiftPackageReference section */
		4E2C547B2B1FFA0500BB0E1A /* XCRemoteSwiftPackageReference "firebase-ios-sdk" */ = {
			isa = XCRemoteSwiftPackageReference;
			repositoryURL = "https://github.com/firebase/firebase-ios-sdk";
			requirement = {
				kind = upToNextMajorVersion;
				minimumVersion = 10.19.0;
			};
		};
/* End XCRemoteSwiftPackageReference section */

/* Begin XCSwiftPackageProductDependency section */
		4E2C547C2B1FFA0500BB0E1A /* FirebaseAnalytics */ = {
			isa = XCSwiftPackageProductDependency;
			package = 4E2C547B2B1FFA0500BB0E1A /* XCRemoteSwiftPackageReference "firebase-ios-sdk" */;
			productName = FirebaseAnalytics;
		};
		4E2C547E2B1FFA0500BB0E1A /* FirebaseAnalyticsOnDeviceConversion */ = {
			isa = XCSwiftPackageProductDependency;
			package = 4E2C547B2B1FFA0500BB0E1A /* XCRemoteSwiftPackageReference "firebase-ios-sdk" */;
			productName = FirebaseAnalyticsOnDeviceConversion;
		};
		4E2C54802B1FFA0500BB0E1A /* FirebaseAnalyticsSwift */ = {
			isa = XCSwiftPackageProductDependency;
			package = 4E2C547B2B1FFA0500BB0E1A /* XCRemoteSwiftPackageReference "firebase-ios-sdk" */;
			productName = FirebaseAnalyticsSwift;
		};
		4E2C54822B1FFA0500BB0E1A /* FirebaseAnalyticsWithoutAdIdSupport */ = {
			isa = XCSwiftPackageProductDependency;
			package = 4E2C547B2B1FFA0500BB0E1A /* XCRemoteSwiftPackageReference "firebase-ios-sdk" */;
			productName = FirebaseAnalyticsWithoutAdIdSupport;
		};
		4E2C54842B1FFA0500BB0E1A /* FirebaseAppCheck */ = {
			isa = XCSwiftPackageProductDependency;
			package = 4E2C547B2B1FFA0500BB0E1A /* XCRemoteSwiftPackageReference "firebase-ios-sdk" */;
			productName = FirebaseAppCheck;
		};
		4E2C54862B1FFA0500BB0E1A /* FirebaseAppDistribution-Beta */ = {
			isa = XCSwiftPackageProductDependency;
			package = 4E2C547B2B1FFA0500BB0E1A /* XCRemoteSwiftPackageReference "firebase-ios-sdk" */;
			productName = "FirebaseAppDistribution-Beta";
		};
		4E2C54882B1FFA0500BB0E1A /* FirebaseAuth */ = {
			isa = XCSwiftPackageProductDependency;
			package = 4E2C547B2B1FFA0500BB0E1A /* XCRemoteSwiftPackageReference "firebase-ios-sdk" */;
			productName = FirebaseAuth;
		};
		4E2C548A2B1FFA0500BB0E1A /* FirebaseAuthCombine-Community */ = {
			isa = XCSwiftPackageProductDependency;
			package = 4E2C547B2B1FFA0500BB0E1A /* XCRemoteSwiftPackageReference "firebase-ios-sdk" */;
			productName = "FirebaseAuthCombine-Community";
		};
		4E2C548C2B1FFA0500BB0E1A /* FirebaseCrashlytics */ = {
			isa = XCSwiftPackageProductDependency;
			package = 4E2C547B2B1FFA0500BB0E1A /* XCRemoteSwiftPackageReference "firebase-ios-sdk" */;
			productName = FirebaseCrashlytics;
		};
		4E2C548E2B1FFA0500BB0E1A /* FirebaseDatabase */ = {
			isa = XCSwiftPackageProductDependency;
			package = 4E2C547B2B1FFA0500BB0E1A /* XCRemoteSwiftPackageReference "firebase-ios-sdk" */;
			productName = FirebaseDatabase;
		};
		4E2C54902B1FFA0500BB0E1A /* FirebaseDatabaseSwift */ = {
			isa = XCSwiftPackageProductDependency;
			package = 4E2C547B2B1FFA0500BB0E1A /* XCRemoteSwiftPackageReference "firebase-ios-sdk" */;
			productName = FirebaseDatabaseSwift;
		};
		4E2C54922B1FFA0500BB0E1A /* FirebaseDynamicLinks */ = {
			isa = XCSwiftPackageProductDependency;
			package = 4E2C547B2B1FFA0500BB0E1A /* XCRemoteSwiftPackageReference "firebase-ios-sdk" */;
			productName = FirebaseDynamicLinks;
		};
		4E2C54942B1FFA0500BB0E1A /* FirebaseFirestore */ = {
			isa = XCSwiftPackageProductDependency;
			package = 4E2C547B2B1FFA0500BB0E1A /* XCRemoteSwiftPackageReference "firebase-ios-sdk" */;
			productName = FirebaseFirestore;
		};
		4E2C54962B1FFA0500BB0E1A /* FirebaseFirestoreCombine-Community */ = {
			isa = XCSwiftPackageProductDependency;
			package = 4E2C547B2B1FFA0500BB0E1A /* XCRemoteSwiftPackageReference "firebase-ios-sdk" */;
			productName = "FirebaseFirestoreCombine-Community";
		};
		4E2C54982B1FFA0500BB0E1A /* FirebaseFirestoreSwift */ = {
			isa = XCSwiftPackageProductDependency;
			package = 4E2C547B2B1FFA0500BB0E1A /* XCRemoteSwiftPackageReference "firebase-ios-sdk" */;
			productName = FirebaseFirestoreSwift;
		};
		4E2C549A2B1FFA0500BB0E1A /* FirebaseFunctions */ = {
			isa = XCSwiftPackageProductDependency;
			package = 4E2C547B2B1FFA0500BB0E1A /* XCRemoteSwiftPackageReference "firebase-ios-sdk" */;
			productName = FirebaseFunctions;
		};
		4E2C549C2B1FFA0500BB0E1A /* FirebaseFunctionsCombine-Community */ = {
			isa = XCSwiftPackageProductDependency;
			package = 4E2C547B2B1FFA0500BB0E1A /* XCRemoteSwiftPackageReference "firebase-ios-sdk" */;
			productName = "FirebaseFunctionsCombine-Community";
		};
		4E2C549E2B1FFA0500BB0E1A /* FirebaseInAppMessaging-Beta */ = {
			isa = XCSwiftPackageProductDependency;
			package = 4E2C547B2B1FFA0500BB0E1A /* XCRemoteSwiftPackageReference "firebase-ios-sdk" */;
			productName = "FirebaseInAppMessaging-Beta";
		};
		4E2C54A02B1FFA0500BB0E1A /* FirebaseInAppMessagingSwift-Beta */ = {
			isa = XCSwiftPackageProductDependency;
			package = 4E2C547B2B1FFA0500BB0E1A /* XCRemoteSwiftPackageReference "firebase-ios-sdk" */;
			productName = "FirebaseInAppMessagingSwift-Beta";
		};
		4E2C54A22B1FFA0500BB0E1A /* FirebaseInstallations */ = {
			isa = XCSwiftPackageProductDependency;
			package = 4E2C547B2B1FFA0500BB0E1A /* XCRemoteSwiftPackageReference "firebase-ios-sdk" */;
			productName = FirebaseInstallations;
		};
		4E2C54A42B1FFA0500BB0E1A /* FirebaseMLModelDownloader */ = {
			isa = XCSwiftPackageProductDependency;
			package = 4E2C547B2B1FFA0500BB0E1A /* XCRemoteSwiftPackageReference "firebase-ios-sdk" */;
			productName = FirebaseMLModelDownloader;
		};
		4E2C54A62B1FFA0500BB0E1A /* FirebaseMessaging */ = {
			isa = XCSwiftPackageProductDependency;
			package = 4E2C547B2B1FFA0500BB0E1A /* XCRemoteSwiftPackageReference "firebase-ios-sdk" */;
			productName = FirebaseMessaging;
		};
		4E2C54A82B1FFA0500BB0E1A /* FirebasePerformance */ = {
			isa = XCSwiftPackageProductDependency;
			package = 4E2C547B2B1FFA0500BB0E1A /* XCRemoteSwiftPackageReference "firebase-ios-sdk" */;
			productName = FirebasePerformance;
		};
		4E2C54AA2B1FFA0500BB0E1A /* FirebaseRemoteConfig */ = {
			isa = XCSwiftPackageProductDependency;
			package = 4E2C547B2B1FFA0500BB0E1A /* XCRemoteSwiftPackageReference "firebase-ios-sdk" */;
			productName = FirebaseRemoteConfig;
		};
		4E2C54AC2B1FFA0500BB0E1A /* FirebaseRemoteConfigSwift */ = {
			isa = XCSwiftPackageProductDependency;
			package = 4E2C547B2B1FFA0500BB0E1A /* XCRemoteSwiftPackageReference "firebase-ios-sdk" */;
			productName = FirebaseRemoteConfigSwift;
		};
		4E2C54AE2B1FFA0500BB0E1A /* FirebaseStorage */ = {
			isa = XCSwiftPackageProductDependency;
			package = 4E2C547B2B1FFA0500BB0E1A /* XCRemoteSwiftPackageReference "firebase-ios-sdk" */;
			productName = FirebaseStorage;
		};
		4E2C54B02B1FFA0500BB0E1A /* FirebaseStorageCombine-Community */ = {
			isa = XCSwiftPackageProductDependency;
			package = 4E2C547B2B1FFA0500BB0E1A /* XCRemoteSwiftPackageReference "firebase-ios-sdk" */;
			productName = "FirebaseStorageCombine-Community";
		};
/* End XCSwiftPackageProductDependency section */
	};
	rootObject = 4EBFFC072B1E7B83005DA141 /* Project object */;
}
